{
  "requires": true,
  "lockfileVersion": 1,
  "dependencies": {
    "timepicker-ui": {
      "version": "2.1.1",
      "resolved": "https://registry.npmjs.org/timepicker-ui/-/timepicker-ui-2.1.1.tgz",
      "integrity": "sha512-EdbhNKiW8FzDFfVMkTfwlWF3XCgIDTiJ2CBpLgEcmMsi2+UkF4Vt4IzUy2dLNHPbISK1mnoG8ybbDzTpA14IRQ=="
    }
  }
}
